
Microsoft Visual Studio Solution File, Format Version 12.00
# Visual Studio Version 16
VisualStudioVersion = 16.0.29418.71
MinimumVisualStudioVersion = 10.0.40219.1
Project("{9A19103F-16F7-4668-BE54-9A1E7A4F7556}") = "WebShop", "WebShop\WebShop.csproj", "{EBDF6787-BE91-4FBC-B80F-8098E02BC8BD}"
EndProject
Project("{9A19103F-16F7-4668-BE54-9A1E7A4F7556}") = "WebShop.Data", "WebShop.Data\WebShop.Data.csproj", "{A256B494-1960-469F-B8E0-E7B1C1E15602}"
EndProject
Project("{FAE04EC0-301F-11D3-BF4B-00C04F79EFBC}") = "WebShop.Shared", "WebShop.Shared\WebShop.Shared.csproj", "{DE3C3C25-C25B-47CD-A991-3A1C2879BBF4}"
EndProject
Global
	GlobalSection(SolutionConfigurationPlatforms) = preSolution
		Debug|Any CPU = Debug|Any CPU
		Release|Any CPU = Release|Any CPU
	EndGlobalSection
	GlobalSection(ProjectConfigurationPlatforms) = postSolution
		{EBDF6787-BE91-4FBC-B80F-8098E02BC8BD}.Debug|Any CPU.ActiveCfg = Debug|Any CPU
		{EBDF6787-BE91-4FBC-B80F-8098E02BC8BD}.Debug|Any CPU.Build.0 = Debug|Any CPU
		{EBDF6787-BE91-4FBC-B80F-8098E02BC8BD}.Release|Any CPU.ActiveCfg = Release|Any CPU
		{EBDF6787-BE91-4FBC-B80F-8098E02BC8BD}.Release|Any CPU.Build.0 = Release|Any CPU
		{A256B494-1960-469F-B8E0-E7B1C1E15602}.Debug|Any CPU.ActiveCfg = Debug|Any CPU
		{A256B494-1960-469F-B8E0-E7B1C1E15602}.Debug|Any CPU.Build.0 = Debug|Any CPU
		{A256B494-1960-469F-B8E0-E7B1C1E15602}.Release|Any CPU.ActiveCfg = Release|Any CPU
		{A256B494-1960-469F-B8E0-E7B1C1E15602}.Release|Any CPU.Build.0 = Release|Any CPU
		{DE3C3C25-C25B-47CD-A991-3A1C2879BBF4}.Debug|Any CPU.ActiveCfg = Debug|Any CPU
		{DE3C3C25-C25B-47CD-A991-3A1C2879BBF4}.Debug|Any CPU.Build.0 = Debug|Any CPU
		{DE3C3C25-C25B-47CD-A991-3A1C2879BBF4}.Release|Any CPU.ActiveCfg = Release|Any CPU
		{DE3C3C25-C25B-47CD-A991-3A1C2879BBF4}.Release|Any CPU.Build.0 = Release|Any CPU
	EndGlobalSection
	GlobalSection(SolutionProperties) = preSolution
		HideSolutionNode = FALSE
	EndGlobalSection
	GlobalSection(ExtensibilityGlobals) = postSolution
		SolutionGuid = {201493D9-979A-47A7-9BFC-77B3EE69D965}
	EndGlobalSection
EndGlobal
